
Microsoft Visual Studio Solution File, Format Version 12.00
# Visual Studio Version 16
VisualStudioVersion = 16.0.29306.81
MinimumVisualStudioVersion = 10.0.40219.1
Project("{FAE04EC0-301F-11D3-BF4B-00C04F79EFBC}") = "Website", "Website\Website.csproj", "{92D6808E-8542-46F9-8F1D-C0177B95F001}"
EndProject
Global
	GlobalSection(SolutionConfigurationPlatforms) = preSolution
		Debug|Any CPU = Debug|Any CPU
		Release|Any CPU = Release|Any CPU
	EndGlobalSection
	GlobalSection(ProjectConfigurationPlatforms) = postSolution
		{92D6808E-8542-46F9-8F1D-C0177B95F001}.Debug|Any CPU.ActiveCfg = Debug|Any CPU
		{92D6808E-8542-46F9-8F1D-C0177B95F001}.Debug|Any CPU.Build.0 = Debug|Any CPU
		{92D6808E-8542-46F9-8F1D-C0177B95F001}.Release|Any CPU.ActiveCfg = Release|Any CPU
		{92D6808E-8542-46F9-8F1D-C0177B95F001}.Release|Any CPU.Build.0 = Release|Any CPU
	EndGlobalSection
	GlobalSection(SolutionProperties) = preSolution
		HideSolutionNode = FALSE
	EndGlobalSection
	GlobalSection(ExtensibilityGlobals) = postSolution
		SolutionGuid = {DDA44F12-6FA3-4CDD-B7C9-7485004B1911}
	EndGlobalSection
EndGlobal
